{
  "name": "ce-formprep-sdk",
  "lockfileVersion": 3,
  "requires": true,
  "packages": {
    "": {
      "name": "ce-formprep-sdk",
      "dependencies": {
        "priority-web-sdk": "^3.0.0"
      }
    },
    "node_modules/base-64": {
      "version": "0.1.0",
      "resolved": "https://registry.npmjs.org/base-64/-/base-64-0.1.0.tgz",
      "integrity": "sha512-Y5gU45svrR5tI2Vt/X9GPd3L0HNIKzGu202EjxrXMpuc2V2CiKgemAbUUsqYmZJvPtCXoUKjNZwBJzsNScUbXA=="
    },
    "node_modules/moment": {
      "version": "2.31.0",
      "resolved": "https://registry.npmjs.org/moment/-/moment-2.31.0.tgz",
      "integrity": "sha512-0acOTfMiWOheYS4eoWb80yYMb/JLvVv9SHbs2PehaDzfUG0Bw855SKyk0IKTnPGa5+U2bmi3W68l1+sGLX/pvw==",
      "license": "MIT",
      "engines": {
        "node": "*"
      }
    },
    "node_modules/moment-timezone": {
      "version": "0.5.48",
      "resolved": "https://registry.npmjs.org/moment-timezone/-/moment-timezone-0.5.48.tgz",
      "integrity": "sha512-f22b8LV1gbTO2ms2j2z13MuPogNoh5UzxL3nzNAYKGraILnbGc9NEE6dyiiiLv46DGRb8A4kg8UKWLjPthxBHw==",
      "license": "MIT",
      "dependencies": {
        "moment": "^2.29.4"
      },
      "engines": {
        "node": "*"
      }
    },
    "node_modules/priority-web-sdk": {
      "version": "3.0.39",
      "resolved": "https://registry.npmjs.org/priority-web-sdk/-/priority-web-sdk-3.0.39.tgz",
      "integrity": "sha512-oBISef6IV0QvEwdsVDqrJ4z4FG/VIvKbz5hKzCRRKg0qhNQFjT+kbjNPZpW1EPzPuVRjLHptfSw3CoKgDtUAQQ==",
      "license": "ISC",
      "dependencies": {
        "base-64": "^0.1.0",
        "moment-timezone": "^0.5.17",
        "xhr2": "^0.1.4"
      }
    },
    "node_modules/xhr2": {
      "version": "0.1.4",
      "resolved": "https://registry.npmjs.org/xhr2/-/xhr2-0.1.4.tgz",
      "integrity": "sha512-3QGhDryRzTbIDj+waTRvMBe8SyPhW79kz3YnNb+HQt/6LPYQT3zT3Jt0Y8pBofZqQX26x8Ecfv0FXR72uH5VpA==",
      "license": "MIT",
      "engines": {
        "node": ">= 0.6"
      }
    }
  }
}
